
Microsoft Visual Studio Solution File, Format Version 12.00
# Visual Studio Version 16
VisualStudioVersion = 16.0.30114.105
MinimumVisualStudioVersion = 10.0.40219.1
Project("{CC5FD16D-436D-48AD-A40C-5A424C6E3E79}") = "LoggerWorker2016", "LoggerWorker2016\LoggerWorker2016.ccproj", "{0647CFE9-BB30-4775-B3B0-EA43977B0A66}"
EndProject
Project("{FAE04EC0-301F-11D3-BF4B-00C04F79EFBC}") = "WorkerRole1", "WorkerRole1\WorkerRole1.csproj", "{28925F77-788D-4866-AD5F-0BB4B2422755}"
EndProject
Project("{FAE04EC0-301F-11D3-BF4B-00C04F79EFBC}") = "AzureLogs", "AzureLogs\AzureLogs.csproj", "{256551D0-0DFD-4DA7-81AD-C5D929C1F866}"
EndProject
Global
	GlobalSection(SolutionConfigurationPlatforms) = preSolution
		Debug|Any CPU = Debug|Any CPU
		Release|Any CPU = Release|Any CPU
	EndGlobalSection
	GlobalSection(ProjectConfigurationPlatforms) = postSolution
		{0647CFE9-BB30-4775-B3B0-EA43977B0A66}.Debug|Any CPU.ActiveCfg = Debug|Any CPU
		{0647CFE9-BB30-4775-B3B0-EA43977B0A66}.Debug|Any CPU.Build.0 = Debug|Any CPU
		{0647CFE9-BB30-4775-B3B0-EA43977B0A66}.Release|Any CPU.ActiveCfg = Release|Any CPU
		{0647CFE9-BB30-4775-B3B0-EA43977B0A66}.Release|Any CPU.Build.0 = Release|Any CPU
		{28925F77-788D-4866-AD5F-0BB4B2422755}.Debug|Any CPU.ActiveCfg = Debug|Any CPU
		{28925F77-788D-4866-AD5F-0BB4B2422755}.Debug|Any CPU.Build.0 = Debug|Any CPU
		{28925F77-788D-4866-AD5F-0BB4B2422755}.Release|Any CPU.ActiveCfg = Release|Any CPU
		{28925F77-788D-4866-AD5F-0BB4B2422755}.Release|Any CPU.Build.0 = Release|Any CPU
		{256551D0-0DFD-4DA7-81AD-C5D929C1F866}.Debug|Any CPU.ActiveCfg = Debug|Any CPU
		{256551D0-0DFD-4DA7-81AD-C5D929C1F866}.Debug|Any CPU.Build.0 = Debug|Any CPU
		{256551D0-0DFD-4DA7-81AD-C5D929C1F866}.Release|Any CPU.ActiveCfg = Release|Any CPU
		{256551D0-0DFD-4DA7-81AD-C5D929C1F866}.Release|Any CPU.Build.0 = Release|Any CPU
	EndGlobalSection
	GlobalSection(SolutionProperties) = preSolution
		HideSolutionNode = FALSE
	EndGlobalSection
	GlobalSection(ExtensibilityGlobals) = postSolution
		SolutionGuid = {7D986DC4-603F-49FC-A300-5E5A5CD826C8}
	EndGlobalSection
EndGlobal
