
Microsoft Visual Studio Solution File, Format Version 12.00
# Visual Studio 14
VisualStudioVersion = 14.0.24720.0
MinimumVisualStudioVersion = 10.0.40219.1
Project("{FAE04EC0-301F-11D3-BF4B-00C04F79EFBC}") = "NetroLogger6_Azure", "NetroLogger5_Azure\NetroLogger6_Azure.csproj", "{4F91446C-8490-4688-AA0A-95A15B07A7E2}"
EndProject
Project("{FAE04EC0-301F-11D3-BF4B-00C04F79EFBC}") = "NetroAzureUpload", "NetroAzureUpload\NetroAzureUpload.csproj", "{11E9B154-BBB4-4D8C-85A4-A101E8F45E30}"
EndProject
Project("{FAE04EC0-301F-11D3-BF4B-00C04F79EFBC}") = "TestService", "TestService\TestService.csproj", "{CBDBEFD4-C3D6-4F59-A621-4562261304D7}"
EndProject
Project("{FAE04EC0-301F-11D3-BF4B-00C04F79EFBC}") = "log4net", "log4net\log4net.csproj", "{F6A02431-167E-4347-BC43-65532C31CDB7}"
EndProject
Project("{FAE04EC0-301F-11D3-BF4B-00C04F79EFBC}") = "NetroSharedFunctions", "NetroSharedFunctions\NetroSharedFunctions.csproj", "{D17C9D2D-A80F-46BB-9D75-C2D108D71DED}"
EndProject
Project("{FAE04EC0-301F-11D3-BF4B-00C04F79EFBC}") = "clearlogs", "clearlogs\clearlogs.csproj", "{77F8893B-E454-4E1C-9E1C-2FEF8D13B333}"
EndProject
Project("{FAE04EC0-301F-11D3-BF4B-00C04F79EFBC}") = "ConfigConsole", "ConfigConsole\ConfigConsole.csproj", "{6C86F253-65AE-40F9-9FC8-A1F61251B249}"
EndProject
Project("{FAE04EC0-301F-11D3-BF4B-00C04F79EFBC}") = "InternalServices.Proxy", "InternalServices.Proxy\InternalServices.Proxy.csproj", "{4D514006-D0E5-423B-974E-C146C03E5A56}"
EndProject
Project("{FAE04EC0-301F-11D3-BF4B-00C04F79EFBC}") = "NetroRTV", "NetroRTV\NetroRTV.csproj", "{5DE151BA-EBD1-479D-B100-D5299AFE0BA7}"
EndProject
Global
	GlobalSection(SolutionConfigurationPlatforms) = preSolution
		Debug|Any CPU = Debug|Any CPU
		Debug|Mixed Platforms = Debug|Mixed Platforms
		Debug|x86 = Debug|x86
		Release|Any CPU = Release|Any CPU
		Release|Mixed Platforms = Release|Mixed Platforms
		Release|x86 = Release|x86
	EndGlobalSection
	GlobalSection(ProjectConfigurationPlatforms) = postSolution
		{4F91446C-8490-4688-AA0A-95A15B07A7E2}.Debug|Any CPU.ActiveCfg = Debug|x86
		{4F91446C-8490-4688-AA0A-95A15B07A7E2}.Debug|Mixed Platforms.ActiveCfg = Debug|x86
		{4F91446C-8490-4688-AA0A-95A15B07A7E2}.Debug|Mixed Platforms.Build.0 = Debug|x86
		{4F91446C-8490-4688-AA0A-95A15B07A7E2}.Debug|x86.ActiveCfg = Debug|x86
		{4F91446C-8490-4688-AA0A-95A15B07A7E2}.Debug|x86.Build.0 = Debug|x86
		{4F91446C-8490-4688-AA0A-95A15B07A7E2}.Release|Any CPU.ActiveCfg = Release|x86
		{4F91446C-8490-4688-AA0A-95A15B07A7E2}.Release|Mixed Platforms.ActiveCfg = Release|x86
		{4F91446C-8490-4688-AA0A-95A15B07A7E2}.Release|Mixed Platforms.Build.0 = Release|x86
		{4F91446C-8490-4688-AA0A-95A15B07A7E2}.Release|x86.ActiveCfg = Release|x86
		{4F91446C-8490-4688-AA0A-95A15B07A7E2}.Release|x86.Build.0 = Release|x86
		{11E9B154-BBB4-4D8C-85A4-A101E8F45E30}.Debug|Any CPU.ActiveCfg = Debug|Any CPU
		{11E9B154-BBB4-4D8C-85A4-A101E8F45E30}.Debug|Any CPU.Build.0 = Debug|Any CPU
		{11E9B154-BBB4-4D8C-85A4-A101E8F45E30}.Debug|Mixed Platforms.ActiveCfg = Debug|Any CPU
		{11E9B154-BBB4-4D8C-85A4-A101E8F45E30}.Debug|Mixed Platforms.Build.0 = Debug|Any CPU
		{11E9B154-BBB4-4D8C-85A4-A101E8F45E30}.Debug|x86.ActiveCfg = Debug|Any CPU
		{11E9B154-BBB4-4D8C-85A4-A101E8F45E30}.Release|Any CPU.ActiveCfg = Release|Any CPU
		{11E9B154-BBB4-4D8C-85A4-A101E8F45E30}.Release|Any CPU.Build.0 = Release|Any CPU
		{11E9B154-BBB4-4D8C-85A4-A101E8F45E30}.Release|Mixed Platforms.ActiveCfg = Release|Any CPU
		{11E9B154-BBB4-4D8C-85A4-A101E8F45E30}.Release|Mixed Platforms.Build.0 = Release|Any CPU
		{11E9B154-BBB4-4D8C-85A4-A101E8F45E30}.Release|x86.ActiveCfg = Release|Any CPU
		{CBDBEFD4-C3D6-4F59-A621-4562261304D7}.Debug|Any CPU.ActiveCfg = Debug|x86
		{CBDBEFD4-C3D6-4F59-A621-4562261304D7}.Debug|Mixed Platforms.ActiveCfg = Debug|x86
		{CBDBEFD4-C3D6-4F59-A621-4562261304D7}.Debug|Mixed Platforms.Build.0 = Debug|x86
		{CBDBEFD4-C3D6-4F59-A621-4562261304D7}.Debug|x86.ActiveCfg = Debug|x86
		{CBDBEFD4-C3D6-4F59-A621-4562261304D7}.Debug|x86.Build.0 = Debug|x86
		{CBDBEFD4-C3D6-4F59-A621-4562261304D7}.Release|Any CPU.ActiveCfg = Release|x86
		{CBDBEFD4-C3D6-4F59-A621-4562261304D7}.Release|Mixed Platforms.ActiveCfg = Release|x86
		{CBDBEFD4-C3D6-4F59-A621-4562261304D7}.Release|Mixed Platforms.Build.0 = Release|x86
		{CBDBEFD4-C3D6-4F59-A621-4562261304D7}.Release|x86.ActiveCfg = Release|x86
		{CBDBEFD4-C3D6-4F59-A621-4562261304D7}.Release|x86.Build.0 = Release|x86
		{F6A02431-167E-4347-BC43-65532C31CDB7}.Debug|Any CPU.ActiveCfg = Debug|Any CPU
		{F6A02431-167E-4347-BC43-65532C31CDB7}.Debug|Any CPU.Build.0 = Debug|Any CPU
		{F6A02431-167E-4347-BC43-65532C31CDB7}.Debug|Mixed Platforms.ActiveCfg = Debug|x86
		{F6A02431-167E-4347-BC43-65532C31CDB7}.Debug|Mixed Platforms.Build.0 = Debug|x86
		{F6A02431-167E-4347-BC43-65532C31CDB7}.Debug|x86.ActiveCfg = Debug|x86
		{F6A02431-167E-4347-BC43-65532C31CDB7}.Debug|x86.Build.0 = Debug|x86
		{F6A02431-167E-4347-BC43-65532C31CDB7}.Release|Any CPU.ActiveCfg = Release|Any CPU
		{F6A02431-167E-4347-BC43-65532C31CDB7}.Release|Any CPU.Build.0 = Release|Any CPU
		{F6A02431-167E-4347-BC43-65532C31CDB7}.Release|Mixed Platforms.ActiveCfg = Release|x86
		{F6A02431-167E-4347-BC43-65532C31CDB7}.Release|Mixed Platforms.Build.0 = Release|x86
		{F6A02431-167E-4347-BC43-65532C31CDB7}.Release|x86.ActiveCfg = Release|x86
		{F6A02431-167E-4347-BC43-65532C31CDB7}.Release|x86.Build.0 = Release|x86
		{D17C9D2D-A80F-46BB-9D75-C2D108D71DED}.Debug|Any CPU.ActiveCfg = Debug|Any CPU
		{D17C9D2D-A80F-46BB-9D75-C2D108D71DED}.Debug|Any CPU.Build.0 = Debug|Any CPU
		{D17C9D2D-A80F-46BB-9D75-C2D108D71DED}.Debug|Mixed Platforms.ActiveCfg = Debug|x86
		{D17C9D2D-A80F-46BB-9D75-C2D108D71DED}.Debug|Mixed Platforms.Build.0 = Debug|x86
		{D17C9D2D-A80F-46BB-9D75-C2D108D71DED}.Debug|x86.ActiveCfg = Debug|x86
		{D17C9D2D-A80F-46BB-9D75-C2D108D71DED}.Debug|x86.Build.0 = Debug|x86
		{D17C9D2D-A80F-46BB-9D75-C2D108D71DED}.Release|Any CPU.ActiveCfg = Release|Any CPU
		{D17C9D2D-A80F-46BB-9D75-C2D108D71DED}.Release|Any CPU.Build.0 = Release|Any CPU
		{D17C9D2D-A80F-46BB-9D75-C2D108D71DED}.Release|Mixed Platforms.ActiveCfg = Release|x86
		{D17C9D2D-A80F-46BB-9D75-C2D108D71DED}.Release|Mixed Platforms.Build.0 = Release|x86
		{D17C9D2D-A80F-46BB-9D75-C2D108D71DED}.Release|x86.ActiveCfg = Release|x86
		{D17C9D2D-A80F-46BB-9D75-C2D108D71DED}.Release|x86.Build.0 = Release|x86
		{77F8893B-E454-4E1C-9E1C-2FEF8D13B333}.Debug|Any CPU.ActiveCfg = Debug|x86
		{77F8893B-E454-4E1C-9E1C-2FEF8D13B333}.Debug|Mixed Platforms.ActiveCfg = Debug|x86
		{77F8893B-E454-4E1C-9E1C-2FEF8D13B333}.Debug|Mixed Platforms.Build.0 = Debug|x86
		{77F8893B-E454-4E1C-9E1C-2FEF8D13B333}.Debug|x86.ActiveCfg = Debug|x86
		{77F8893B-E454-4E1C-9E1C-2FEF8D13B333}.Debug|x86.Build.0 = Debug|x86
		{77F8893B-E454-4E1C-9E1C-2FEF8D13B333}.Release|Any CPU.ActiveCfg = Release|x86
		{77F8893B-E454-4E1C-9E1C-2FEF8D13B333}.Release|Mixed Platforms.ActiveCfg = Release|x86
		{77F8893B-E454-4E1C-9E1C-2FEF8D13B333}.Release|Mixed Platforms.Build.0 = Release|x86
		{77F8893B-E454-4E1C-9E1C-2FEF8D13B333}.Release|x86.ActiveCfg = Release|x86
		{77F8893B-E454-4E1C-9E1C-2FEF8D13B333}.Release|x86.Build.0 = Release|x86
		{6C86F253-65AE-40F9-9FC8-A1F61251B249}.Debug|Any CPU.ActiveCfg = Debug|Any CPU
		{6C86F253-65AE-40F9-9FC8-A1F61251B249}.Debug|Any CPU.Build.0 = Debug|Any CPU
		{6C86F253-65AE-40F9-9FC8-A1F61251B249}.Debug|Mixed Platforms.ActiveCfg = Debug|Any CPU
		{6C86F253-65AE-40F9-9FC8-A1F61251B249}.Debug|Mixed Platforms.Build.0 = Debug|Any CPU
		{6C86F253-65AE-40F9-9FC8-A1F61251B249}.Debug|x86.ActiveCfg = Debug|Any CPU
		{6C86F253-65AE-40F9-9FC8-A1F61251B249}.Release|Any CPU.ActiveCfg = Release|Any CPU
		{6C86F253-65AE-40F9-9FC8-A1F61251B249}.Release|Any CPU.Build.0 = Release|Any CPU
		{6C86F253-65AE-40F9-9FC8-A1F61251B249}.Release|Mixed Platforms.ActiveCfg = Release|Any CPU
		{6C86F253-65AE-40F9-9FC8-A1F61251B249}.Release|Mixed Platforms.Build.0 = Release|Any CPU
		{6C86F253-65AE-40F9-9FC8-A1F61251B249}.Release|x86.ActiveCfg = Release|Any CPU
		{4D514006-D0E5-423B-974E-C146C03E5A56}.Debug|Any CPU.ActiveCfg = Debug|Any CPU
		{4D514006-D0E5-423B-974E-C146C03E5A56}.Debug|Any CPU.Build.0 = Debug|Any CPU
		{4D514006-D0E5-423B-974E-C146C03E5A56}.Debug|Mixed Platforms.ActiveCfg = Debug|Any CPU
		{4D514006-D0E5-423B-974E-C146C03E5A56}.Debug|Mixed Platforms.Build.0 = Debug|Any CPU
		{4D514006-D0E5-423B-974E-C146C03E5A56}.Debug|x86.ActiveCfg = Debug|Any CPU
		{4D514006-D0E5-423B-974E-C146C03E5A56}.Release|Any CPU.ActiveCfg = Release|Any CPU
		{4D514006-D0E5-423B-974E-C146C03E5A56}.Release|Any CPU.Build.0 = Release|Any CPU
		{4D514006-D0E5-423B-974E-C146C03E5A56}.Release|Mixed Platforms.ActiveCfg = Release|Any CPU
		{4D514006-D0E5-423B-974E-C146C03E5A56}.Release|Mixed Platforms.Build.0 = Release|Any CPU
		{4D514006-D0E5-423B-974E-C146C03E5A56}.Release|x86.ActiveCfg = Release|Any CPU
		{5DE151BA-EBD1-479D-B100-D5299AFE0BA7}.Debug|Any CPU.ActiveCfg = Debug|Any CPU
		{5DE151BA-EBD1-479D-B100-D5299AFE0BA7}.Debug|Any CPU.Build.0 = Debug|Any CPU
		{5DE151BA-EBD1-479D-B100-D5299AFE0BA7}.Debug|Mixed Platforms.ActiveCfg = Debug|Any CPU
		{5DE151BA-EBD1-479D-B100-D5299AFE0BA7}.Debug|Mixed Platforms.Build.0 = Debug|Any CPU
		{5DE151BA-EBD1-479D-B100-D5299AFE0BA7}.Debug|x86.ActiveCfg = Debug|Any CPU
		{5DE151BA-EBD1-479D-B100-D5299AFE0BA7}.Release|Any CPU.ActiveCfg = Release|Any CPU
		{5DE151BA-EBD1-479D-B100-D5299AFE0BA7}.Release|Any CPU.Build.0 = Release|Any CPU
		{5DE151BA-EBD1-479D-B100-D5299AFE0BA7}.Release|Mixed Platforms.ActiveCfg = Release|Any CPU
		{5DE151BA-EBD1-479D-B100-D5299AFE0BA7}.Release|Mixed Platforms.Build.0 = Release|Any CPU
		{5DE151BA-EBD1-479D-B100-D5299AFE0BA7}.Release|x86.ActiveCfg = Release|Any CPU
	EndGlobalSection
	GlobalSection(SolutionProperties) = preSolution
		HideSolutionNode = FALSE
	EndGlobalSection
EndGlobal
